
Microsoft Visual Studio Solution File, Format Version 12.00
# Visual Studio Version 17
VisualStudioVersion = 17.8.34330.188
MinimumVisualStudioVersion = 10.0.40219.1
Project("{FAE04EC0-301F-11D3-BF4B-00C04F79EFBC}") = "AssessmentFeb19", "AssessmentFeb19\AssessmentFeb19.csproj", "{DB59A9D3-DD12-47F1-B49C-A909B23909BF}"
EndProject
Global
	GlobalSection(SolutionConfigurationPlatforms) = preSolution
		Debug|Any CPU = Debug|Any CPU
		Release|Any CPU = Release|Any CPU
	EndGlobalSection
	GlobalSection(ProjectConfigurationPlatforms) = postSolution
		{DB59A9D3-DD12-47F1-B49C-A909B23909BF}.Debug|Any CPU.ActiveCfg = Debug|Any CPU
		{DB59A9D3-DD12-47F1-B49C-A909B23909BF}.Debug|Any CPU.Build.0 = Debug|Any CPU
		{DB59A9D3-DD12-47F1-B49C-A909B23909BF}.Release|Any CPU.ActiveCfg = Release|Any CPU
		{DB59A9D3-DD12-47F1-B49C-A909B23909BF}.Release|Any CPU.Build.0 = Release|Any CPU
	EndGlobalSection
	GlobalSection(SolutionProperties) = preSolution
		HideSolutionNode = FALSE
	EndGlobalSection
	GlobalSection(ExtensibilityGlobals) = postSolution
		SolutionGuid = {DC7A3FDE-F8CB-4B20-9C9B-821BEFD011AD}
	EndGlobalSection
EndGlobal
